
Microsoft Visual Studio Solution File, Format Version 12.00
# Visual Studio Version 17
VisualStudioVersion = 17.11.35222.181
MinimumVisualStudioVersion = 10.0.40219.1
Project("{FAE04EC0-301F-11D3-BF4B-00C04F79EFBC}") = "task_10", "task_10.csproj", "{978710EA-410C-4694-9CE6-672A6A26C380}"
EndProject
Global
	GlobalSection(SolutionConfigurationPlatforms) = preSolution
		Debug|Any CPU = Debug|Any CPU
		Release|Any CPU = Release|Any CPU
	EndGlobalSection
	GlobalSection(ProjectConfigurationPlatforms) = postSolution
		{978710EA-410C-4694-9CE6-672A6A26C380}.Debug|Any CPU.ActiveCfg = Debug|Any CPU
		{978710EA-410C-4694-9CE6-672A6A26C380}.Debug|Any CPU.Build.0 = Debug|Any CPU
		{978710EA-410C-4694-9CE6-672A6A26C380}.Release|Any CPU.ActiveCfg = Release|Any CPU
		{978710EA-410C-4694-9CE6-672A6A26C380}.Release|Any CPU.Build.0 = Release|Any CPU
	EndGlobalSection
	GlobalSection(SolutionProperties) = preSolution
		HideSolutionNode = FALSE
	EndGlobalSection
	GlobalSection(ExtensibilityGlobals) = postSolution
		SolutionGuid = {57722674-F7E7-48AE-BDAF-3532FC40BE58}
	EndGlobalSection
EndGlobal
