
Microsoft Visual Studio Solution File, Format Version 12.00
# Visual Studio Version 17
VisualStudioVersion = 17.11.35222.181
MinimumVisualStudioVersion = 10.0.40219.1
Project("{FAE04EC0-301F-11D3-BF4B-00C04F79EFBC}") = "task_1", "task_1.csproj", "{A2E1ADBA-6395-4629-A1EF-D4C13E7C53A5}"
EndProject
Global
	GlobalSection(SolutionConfigurationPlatforms) = preSolution
		Debug|Any CPU = Debug|Any CPU
		Release|Any CPU = Release|Any CPU
	EndGlobalSection
	GlobalSection(ProjectConfigurationPlatforms) = postSolution
		{A2E1ADBA-6395-4629-A1EF-D4C13E7C53A5}.Debug|Any CPU.ActiveCfg = Debug|Any CPU
		{A2E1ADBA-6395-4629-A1EF-D4C13E7C53A5}.Debug|Any CPU.Build.0 = Debug|Any CPU
		{A2E1ADBA-6395-4629-A1EF-D4C13E7C53A5}.Release|Any CPU.ActiveCfg = Release|Any CPU
		{A2E1ADBA-6395-4629-A1EF-D4C13E7C53A5}.Release|Any CPU.Build.0 = Release|Any CPU
	EndGlobalSection
	GlobalSection(SolutionProperties) = preSolution
		HideSolutionNode = FALSE
	EndGlobalSection
	GlobalSection(ExtensibilityGlobals) = postSolution
		SolutionGuid = {8A592C7C-0C0B-45F0-B1B0-53C012803A3A}
	EndGlobalSection
EndGlobal
