
Microsoft Visual Studio Solution File, Format Version 12.00
# Visual Studio Version 17
VisualStudioVersion = 17.11.35312.102
MinimumVisualStudioVersion = 10.0.40219.1
Project("{FAE04EC0-301F-11D3-BF4B-00C04F79EFBC}") = "task_2", "task_2.csproj", "{0563AE65-2A63-4D98-87F9-E067E1E4A773}"
EndProject
Global
	GlobalSection(SolutionConfigurationPlatforms) = preSolution
		Debug|Any CPU = Debug|Any CPU
		Release|Any CPU = Release|Any CPU
	EndGlobalSection
	GlobalSection(ProjectConfigurationPlatforms) = postSolution
		{0563AE65-2A63-4D98-87F9-E067E1E4A773}.Debug|Any CPU.ActiveCfg = Debug|Any CPU
		{0563AE65-2A63-4D98-87F9-E067E1E4A773}.Debug|Any CPU.Build.0 = Debug|Any CPU
		{0563AE65-2A63-4D98-87F9-E067E1E4A773}.Release|Any CPU.ActiveCfg = Release|Any CPU
		{0563AE65-2A63-4D98-87F9-E067E1E4A773}.Release|Any CPU.Build.0 = Release|Any CPU
	EndGlobalSection
	GlobalSection(SolutionProperties) = preSolution
		HideSolutionNode = FALSE
	EndGlobalSection
	GlobalSection(ExtensibilityGlobals) = postSolution
		SolutionGuid = {4F42AD5D-C5D2-4771-8FA3-2B02CBDBFD65}
	EndGlobalSection
EndGlobal
