
Microsoft Visual Studio Solution File, Format Version 12.00
# Visual Studio Version 17
VisualStudioVersion = 17.11.35312.102
MinimumVisualStudioVersion = 10.0.40219.1
Project("{FAE04EC0-301F-11D3-BF4B-00C04F79EFBC}") = "task_8_4", "task_8_4.csproj", "{943AE725-AAF3-4CEA-9BF5-BE8F4C46FE70}"
EndProject
Global
	GlobalSection(SolutionConfigurationPlatforms) = preSolution
		Debug|Any CPU = Debug|Any CPU
		Release|Any CPU = Release|Any CPU
	EndGlobalSection
	GlobalSection(ProjectConfigurationPlatforms) = postSolution
		{943AE725-AAF3-4CEA-9BF5-BE8F4C46FE70}.Debug|Any CPU.ActiveCfg = Debug|Any CPU
		{943AE725-AAF3-4CEA-9BF5-BE8F4C46FE70}.Debug|Any CPU.Build.0 = Debug|Any CPU
		{943AE725-AAF3-4CEA-9BF5-BE8F4C46FE70}.Release|Any CPU.ActiveCfg = Release|Any CPU
		{943AE725-AAF3-4CEA-9BF5-BE8F4C46FE70}.Release|Any CPU.Build.0 = Release|Any CPU
	EndGlobalSection
	GlobalSection(SolutionProperties) = preSolution
		HideSolutionNode = FALSE
	EndGlobalSection
	GlobalSection(ExtensibilityGlobals) = postSolution
		SolutionGuid = {A77C1E14-D3B6-458E-9899-5095637DF59B}
	EndGlobalSection
EndGlobal
